hash: 888ad9da566f2124fa42ab2e09c35f3efdba8eecef254c6c34e27de466c3ec79
updated: 2018-03-15T17:53:26.838143707-05:00
imports:
- name: github.com/btcsuitereleases/btcutil
  version: f2b1058a82554c0c7c3b8809c5956c38374604d8
  subpackages:
  - base58
- name: github.com/FactomProject/basen
  version: fe3947df716ebfda9847eb1b9a48f9592e06478c
- name: github.com/FactomProject/btcutil
  version: 43986820ccd50b2b02b83e575cb3a39c87457482
  subpackages:
  - base58
  - certs
- name: github.com/FactomProject/btcutilecc
  version: d3a63a5752ecf3fbc06bd97365da752111c263df
- name: github.com/FactomProject/cli
  version: 45b367ff72df176679318c157a56e436cd5e00dc
- name: github.com/FactomProject/ed25519
  version: 38002c4fe7b609c2fa3144a3cc29b997b756bb4c
  subpackages:
  - edwards25519
- name: github.com/FactomProject/factomd
  version: 4f4a25cc664adbe9ca5be04c03bec0c3e37349fa
  subpackages:
  - common/constants
  - common/interfaces
  - common/primitives
  - common/primitives/random
- name: github.com/FactomProject/go-bip32
  version: 3b593af1c415abc1017648e4eb24a88c32fee0f3
- name: github.com/FactomProject/go-bip39
  version: d1007fb78d9a7ec65314dad412973e63caf4c527
- name: github.com/FactomProject/goleveldb
  version: e7800c6976c5d75f0a9c5e9e0e2ff8086940e58f
  subpackages:
  - leveldb
  - leveldb/errors
  - leveldb/opt
  - leveldb/storage
  - leveldb/util
- name: github.com/sirupsen/logrus
  version: 89742aefa4b206dcf400792f3bd35b542998eb3b
- name: golang.org/x/crypto
  version: 5f31782cfb2b6373211f8f9fbf31283fa234b570
  subpackages:
  - pbkdf2
  - ripemd160
  - ssh/terminal
- name: golang.org/x/sys
  version: 8dbc5d05d6edcc104950cc299a1ce6641235bc86
  subpackages:
  - unix
testImports: []
